{
  "name": "shift-spec-idl",
  "version": "2020.0.0",
  "lockfileVersion": 2,
  "requires": true,
  "packages": {
    "": {
      "name": "shift-spec-idl",
      "version": "2020.0.0",
      "license": "Apache-2.0",
      "devDependencies": {
        "shift-spec-consumer": "^1.0.0"
      }
    },
    "node_modules/shift-spec-consumer": {
      "version": "1.0.1",
      "resolved": "https://registry.npmjs.org/shift-spec-consumer/-/shift-spec-consumer-1.0.1.tgz",
      "integrity": "sha1-9nZS3vwYgGeAqOBLT58IoP/iOpw=",
      "dev": true,
      "dependencies": {
        "webidl2": "^2.0.11"
      }
    },
    "node_modules/webidl2": {
      "version": "2.4.0",
      "resolved": "https://registry.npmjs.org/webidl2/-/webidl2-2.4.0.tgz",
      "integrity": "sha1-Wm8oK3K0ec6grsIisUuDM325cpA=",
      "dev": true
    }
  },
  "dependencies": {
    "shift-spec-consumer": {
      "version": "1.0.1",
      "resolved": "https://registry.npmjs.org/shift-spec-consumer/-/shift-spec-consumer-1.0.1.tgz",
      "integrity": "sha1-9nZS3vwYgGeAqOBLT58IoP/iOpw=",
      "dev": true,
      "requires": {
        "webidl2": "^2.0.11"
      }
    },
    "webidl2": {
      "version": "2.4.0",
      "resolved": "https://registry.npmjs.org/webidl2/-/webidl2-2.4.0.tgz",
      "integrity": "sha1-Wm8oK3K0ec6grsIisUuDM325cpA=",
      "dev": true
    }
  }
}
